
Microsoft Visual Studio Solution File, Format Version 12.00
# Visual Studio Version 16
VisualStudioVersion = 16.0.31702.278
MinimumVisualStudioVersion = 10.0.40219.1
Project("{FAE04EC0-301F-11D3-BF4B-00C04F79EFBC}") = "az400", "az400\az400.csproj", "{83941FC0-CB32-4B00-BD25-18B9FCEDDB4D}"
EndProject
Global
	GlobalSection(SolutionConfigurationPlatforms) = preSolution
		Debug|Any CPU = Debug|Any CPU
		Release|Any CPU = Release|Any CPU
	EndGlobalSection
	GlobalSection(ProjectConfigurationPlatforms) = postSolution
		{83941FC0-CB32-4B00-BD25-18B9FCEDDB4D}.Debug|Any CPU.ActiveCfg = Debug|Any CPU
		{83941FC0-CB32-4B00-BD25-18B9FCEDDB4D}.Debug|Any CPU.Build.0 = Debug|Any CPU
		{83941FC0-CB32-4B00-BD25-18B9FCEDDB4D}.Release|Any CPU.ActiveCfg = Release|Any CPU
		{83941FC0-CB32-4B00-BD25-18B9FCEDDB4D}.Release|Any CPU.Build.0 = Release|Any CPU
	EndGlobalSection
	GlobalSection(SolutionProperties) = preSolution
		HideSolutionNode = FALSE
	EndGlobalSection
	GlobalSection(ExtensibilityGlobals) = postSolution
		SolutionGuid = {B4EF26D3-CF3D-45CC-B54F-E4CF8DCAA3A1}
	EndGlobalSection
EndGlobal
